{
	"name": "ft_transcendence",
	"lockfileVersion": 3,
	"requires": true,
	"packages": {
		"": {
			"name": "ft_transcendence",
			"workspaces": [
				"frontend",
				"backend"
			],
			"devDependencies": {
				"@biomejs/biome": "2.2.0"
			}
		},
		"backend": {
			"version": "1.0.0",
			"license": "ISC",
			"dependencies": {
				"fastify": "^5.5.0"
			}
		},
		"backend/node_modules/@fastify/ajv-compiler": {
			"version": "4.0.2",
			"funding": [
				{
					"type": "github",
					"url": "https://github.com/sponsors/fastify"
				},
				{
					"type": "opencollective",
					"url": "https://opencollective.com/fastify"
				}
			],
			"license": "MIT",
			"dependencies": {
				"ajv": "^8.12.0",
				"ajv-formats": "^3.0.1",
				"fast-uri": "^3.0.0"
			}
		},
		"backend/node_modules/@fastify/error": {
			"version": "4.2.0",
			"funding": [
				{
					"type": "github",
					"url": "https://github.com/sponsors/fastify"
				},
				{
					"type": "opencollective",
					"url": "https://opencollective.com/fastify"
				}
			],
			"license": "MIT"
		},
		"backend/node_modules/@fastify/fast-json-stringify-compiler": {
			"version": "5.0.3",
			"funding": [
				{
					"type": "github",
					"url": "https://github.com/sponsors/fastify"
				},
				{
					"type": "opencollective",
					"url": "https://opencollective.com/fastify"
				}
			],
			"license": "MIT",
			"dependencies": {
				"fast-json-stringify": "^6.0.0"
			}
		},
		"backend/node_modules/@fastify/forwarded": {
			"version": "3.0.0",
			"license": "MIT"
		},
		"backend/node_modules/@fastify/merge-json-schemas": {
			"version": "0.2.1",
			"funding": [
				{
					"type": "github",
					"url": "https://github.com/sponsors/fastify"
				},
				{
					"type": "opencollective",
					"url": "https://opencollective.com/fastify"
				}
			],
			"license": "MIT",
			"dependencies": {
				"dequal": "^2.0.3"
			}
		},
		"backend/node_modules/@fastify/proxy-addr": {
			"version": "5.0.0",
			"license": "MIT",
			"dependencies": {
				"@fastify/forwarded": "^3.0.0",
				"ipaddr.js": "^2.1.0"
			}
		},
		"backend/node_modules/abstract-logging": {
			"version": "2.0.1",
			"license": "MIT"
		},
		"backend/node_modules/ajv": {
			"version": "8.17.1",
			"license": "MIT",
			"dependencies": {
				"fast-deep-equal": "^3.1.3",
				"fast-uri": "^3.0.1",
				"json-schema-traverse": "^1.0.0",
				"require-from-string": "^2.0.2"
			},
			"funding": {
				"type": "github",
				"url": "https://github.com/sponsors/epoberezkin"
			}
		},
		"backend/node_modules/ajv-formats": {
			"version": "3.0.1",
			"license": "MIT",
			"dependencies": {
				"ajv": "^8.0.0"
			},
			"peerDependencies": {
				"ajv": "^8.0.0"
			},
			"peerDependenciesMeta": {
				"ajv": {
					"optional": true
				}
			}
		},
		"backend/node_modules/atomic-sleep": {
			"version": "1.0.0",
			"license": "MIT",
			"engines": {
				"node": ">=8.0.0"
			}
		},
		"backend/node_modules/avvio": {
			"version": "9.1.0",
			"license": "MIT",
			"dependencies": {
				"@fastify/error": "^4.0.0",
				"fastq": "^1.17.1"
			}
		},
		"backend/node_modules/cookie": {
			"version": "1.0.2",
			"license": "MIT",
			"engines": {
				"node": ">=18"
			}
		},
		"backend/node_modules/dequal": {
			"version": "2.0.3",
			"license": "MIT",
			"engines": {
				"node": ">=6"
			}
		},
		"backend/node_modules/fast-decode-uri-component": {
			"version": "1.0.1",
			"license": "MIT"
		},
		"backend/node_modules/fast-deep-equal": {
			"version": "3.1.3",
			"license": "MIT"
		},
		"backend/node_modules/fast-json-stringify": {
			"version": "6.0.1",
			"funding": [
				{
					"type": "github",
					"url": "https://github.com/sponsors/fastify"
				},
				{
					"type": "opencollective",
					"url": "https://opencollective.com/fastify"
				}
			],
			"license": "MIT",
			"dependencies": {
				"@fastify/merge-json-schemas": "^0.2.0",
				"ajv": "^8.12.0",
				"ajv-formats": "^3.0.1",
				"fast-uri": "^3.0.0",
				"json-schema-ref-resolver": "^2.0.0",
				"rfdc": "^1.2.0"
			}
		},
		"backend/node_modules/fast-querystring": {
			"version": "1.1.2",
			"license": "MIT",
			"dependencies": {
				"fast-decode-uri-component": "^1.0.1"
			}
		},
		"backend/node_modules/fast-redact": {
			"version": "3.5.0",
			"license": "MIT",
			"engines": {
				"node": ">=6"
			}
		},
		"backend/node_modules/fast-uri": {
			"version": "3.0.6",
			"funding": [
				{
					"type": "github",
					"url": "https://github.com/sponsors/fastify"
				},
				{
					"type": "opencollective",
					"url": "https://opencollective.com/fastify"
				}
			],
			"license": "BSD-3-Clause"
		},
		"backend/node_modules/fastify": {
			"version": "5.5.0",
			"funding": [
				{
					"type": "github",
					"url": "https://github.com/sponsors/fastify"
				},
				{
					"type": "opencollective",
					"url": "https://opencollective.com/fastify"
				}
			],
			"license": "MIT",
			"dependencies": {
				"@fastify/ajv-compiler": "^4.0.0",
				"@fastify/error": "^4.0.0",
				"@fastify/fast-json-stringify-compiler": "^5.0.0",
				"@fastify/proxy-addr": "^5.0.0",
				"abstract-logging": "^2.0.1",
				"avvio": "^9.0.0",
				"fast-json-stringify": "^6.0.0",
				"find-my-way": "^9.0.0",
				"light-my-request": "^6.0.0",
				"pino": "^9.0.0",
				"process-warning": "^5.0.0",
				"rfdc": "^1.3.1",
				"secure-json-parse": "^4.0.0",
				"semver": "^7.6.0",
				"toad-cache": "^3.7.0"
			}
		},
		"backend/node_modules/fastq": {
			"version": "1.19.1",
			"license": "ISC",
			"dependencies": {
				"reusify": "^1.0.4"
			}
		},
		"backend/node_modules/find-my-way": {
			"version": "9.3.0",
			"license": "MIT",
			"dependencies": {
				"fast-deep-equal": "^3.1.3",
				"fast-querystring": "^1.0.0",
				"safe-regex2": "^5.0.0"
			},
			"engines": {
				"node": ">=20"
			}
		},
		"backend/node_modules/ipaddr.js": {
			"version": "2.2.0",
			"license": "MIT",
			"engines": {
				"node": ">= 10"
			}
		},
		"backend/node_modules/json-schema-ref-resolver": {
			"version": "2.0.1",
			"funding": [
				{
					"type": "github",
					"url": "https://github.com/sponsors/fastify"
				},
				{
					"type": "opencollective",
					"url": "https://opencollective.com/fastify"
				}
			],
			"license": "MIT",
			"dependencies": {
				"dequal": "^2.0.3"
			}
		},
		"backend/node_modules/json-schema-traverse": {
			"version": "1.0.0",
			"license": "MIT"
		},
		"backend/node_modules/light-my-request": {
			"version": "6.6.0",
			"funding": [
				{
					"type": "github",
					"url": "https://github.com/sponsors/fastify"
				},
				{
					"type": "opencollective",
					"url": "https://opencollective.com/fastify"
				}
			],
			"license": "BSD-3-Clause",
			"dependencies": {
				"cookie": "^1.0.1",
				"process-warning": "^4.0.0",
				"set-cookie-parser": "^2.6.0"
			}
		},
		"backend/node_modules/light-my-request/node_modules/process-warning": {
			"version": "4.0.1",
			"funding": [
				{
					"type": "github",
					"url": "https://github.com/sponsors/fastify"
				},
				{
					"type": "opencollective",
					"url": "https://opencollective.com/fastify"
				}
			],
			"license": "MIT"
		},
		"backend/node_modules/on-exit-leak-free": {
			"version": "2.1.2",
			"license": "MIT",
			"engines": {
				"node": ">=14.0.0"
			}
		},
		"backend/node_modules/pino": {
			"version": "9.9.0",
			"license": "MIT",
			"dependencies": {
				"atomic-sleep": "^1.0.0",
				"fast-redact": "^3.1.1",
				"on-exit-leak-free": "^2.1.0",
				"pino-abstract-transport": "^2.0.0",
				"pino-std-serializers": "^7.0.0",
				"process-warning": "^5.0.0",
				"quick-format-unescaped": "^4.0.3",
				"real-require": "^0.2.0",
				"safe-stable-stringify": "^2.3.1",
				"sonic-boom": "^4.0.1",
				"thread-stream": "^3.0.0"
			},
			"bin": {
				"pino": "bin.js"
			}
		},
		"backend/node_modules/pino-abstract-transport": {
			"version": "2.0.0",
			"license": "MIT",
			"dependencies": {
				"split2": "^4.0.0"
			}
		},
		"backend/node_modules/pino-std-serializers": {
			"version": "7.0.0",
			"license": "MIT"
		},
		"backend/node_modules/process-warning": {
			"version": "5.0.0",
			"funding": [
				{
					"type": "github",
					"url": "https://github.com/sponsors/fastify"
				},
				{
					"type": "opencollective",
					"url": "https://opencollective.com/fastify"
				}
			],
			"license": "MIT"
		},
		"backend/node_modules/quick-format-unescaped": {
			"version": "4.0.4",
			"license": "MIT"
		},
		"backend/node_modules/real-require": {
			"version": "0.2.0",
			"license": "MIT",
			"engines": {
				"node": ">= 12.13.0"
			}
		},
		"backend/node_modules/require-from-string": {
			"version": "2.0.2",
			"license": "MIT",
			"engines": {
				"node": ">=0.10.0"
			}
		},
		"backend/node_modules/ret": {
			"version": "0.5.0",
			"license": "MIT",
			"engines": {
				"node": ">=10"
			}
		},
		"backend/node_modules/reusify": {
			"version": "1.1.0",
			"license": "MIT",
			"engines": {
				"iojs": ">=1.0.0",
				"node": ">=0.10.0"
			}
		},
		"backend/node_modules/rfdc": {
			"version": "1.4.1",
			"license": "MIT"
		},
		"backend/node_modules/safe-regex2": {
			"version": "5.0.0",
			"funding": [
				{
					"type": "github",
					"url": "https://github.com/sponsors/fastify"
				},
				{
					"type": "opencollective",
					"url": "https://opencollective.com/fastify"
				}
			],
			"license": "MIT",
			"dependencies": {
				"ret": "~0.5.0"
			}
		},
		"backend/node_modules/safe-stable-stringify": {
			"version": "2.5.0",
			"license": "MIT",
			"engines": {
				"node": ">=10"
			}
		},
		"backend/node_modules/secure-json-parse": {
			"version": "4.0.0",
			"funding": [
				{
					"type": "github",
					"url": "https://github.com/sponsors/fastify"
				},
				{
					"type": "opencollective",
					"url": "https://opencollective.com/fastify"
				}
			],
			"license": "BSD-3-Clause"
		},
		"backend/node_modules/semver": {
			"version": "7.7.2",
			"license": "ISC",
			"bin": {
				"semver": "bin/semver.js"
			},
			"engines": {
				"node": ">=10"
			}
		},
		"backend/node_modules/set-cookie-parser": {
			"version": "2.7.1",
			"license": "MIT"
		},
		"backend/node_modules/sonic-boom": {
			"version": "4.2.0",
			"license": "MIT",
			"dependencies": {
				"atomic-sleep": "^1.0.0"
			}
		},
		"backend/node_modules/split2": {
			"version": "4.2.0",
			"license": "ISC",
			"engines": {
				"node": ">= 10.x"
			}
		},
		"backend/node_modules/thread-stream": {
			"version": "3.1.0",
			"license": "MIT",
			"dependencies": {
				"real-require": "^0.2.0"
			}
		},
		"backend/node_modules/toad-cache": {
			"version": "3.7.0",
			"license": "MIT",
			"engines": {
				"node": ">=12"
			}
		},
		"frontend": {
			"version": "1.0.0",
			"license": "ISC",
			"devDependencies": {
				"typescript": "^5.9.2"
			}
		},
		"frontend/node_modules/typescript": {
			"version": "5.9.2",
			"dev": true,
			"license": "Apache-2.0",
			"bin": {
				"tsc": "bin/tsc",
				"tsserver": "bin/tsserver"
			},
			"engines": {
				"node": ">=14.17"
			}
		},
		"node_modules/@biomejs/biome": {
			"version": "2.2.0",
			"resolved": "https://registry.npmjs.org/@biomejs/biome/-/biome-2.2.0.tgz",
			"integrity": "sha512-3On3RSYLsX+n9KnoSgfoYlckYBoU6VRM22cw1gB4Y0OuUVSYd/O/2saOJMrA4HFfA1Ff0eacOvMN1yAAvHtzIw==",
			"dev": true,
			"license": "MIT OR Apache-2.0",
			"bin": {
				"biome": "bin/biome"
			},
			"engines": {
				"node": ">=14.21.3"
			},
			"funding": {
				"type": "opencollective",
				"url": "https://opencollective.com/biome"
			},
			"optionalDependencies": {
				"@biomejs/cli-darwin-arm64": "2.2.0",
				"@biomejs/cli-darwin-x64": "2.2.0",
				"@biomejs/cli-linux-arm64": "2.2.0",
				"@biomejs/cli-linux-arm64-musl": "2.2.0",
				"@biomejs/cli-linux-x64": "2.2.0",
				"@biomejs/cli-linux-x64-musl": "2.2.0",
				"@biomejs/cli-win32-arm64": "2.2.0",
				"@biomejs/cli-win32-x64": "2.2.0"
			}
		},
		"node_modules/@biomejs/cli-darwin-arm64": {
			"version": "2.2.0",
			"resolved": "https://registry.npmjs.org/@biomejs/cli-darwin-arm64/-/cli-darwin-arm64-2.2.0.tgz",
			"integrity": "sha512-zKbwUUh+9uFmWfS8IFxmVD6XwqFcENjZvEyfOxHs1epjdH3wyyMQG80FGDsmauPwS2r5kXdEM0v/+dTIA9FXAg==",
			"cpu": [
				"arm64"
			],
			"dev": true,
			"license": "MIT OR Apache-2.0",
			"optional": true,
			"os": [
				"darwin"
			],
			"engines": {
				"node": ">=14.21.3"
			}
		},
		"node_modules/@biomejs/cli-darwin-x64": {
			"version": "2.2.0",
			"resolved": "https://registry.npmjs.org/@biomejs/cli-darwin-x64/-/cli-darwin-x64-2.2.0.tgz",
			"integrity": "sha512-+OmT4dsX2eTfhD5crUOPw3RPhaR+SKVspvGVmSdZ9y9O/AgL8pla6T4hOn1q+VAFBHuHhsdxDRJgFCSC7RaMOw==",
			"cpu": [
				"x64"
			],
			"dev": true,
			"license": "MIT OR Apache-2.0",
			"optional": true,
			"os": [
				"darwin"
			],
			"engines": {
				"node": ">=14.21.3"
			}
		},
		"node_modules/@biomejs/cli-linux-arm64": {
			"version": "2.2.0",
			"resolved": "https://registry.npmjs.org/@biomejs/cli-linux-arm64/-/cli-linux-arm64-2.2.0.tgz",
			"integrity": "sha512-6eoRdF2yW5FnW9Lpeivh7Mayhq0KDdaDMYOJnH9aT02KuSIX5V1HmWJCQQPwIQbhDh68Zrcpl8inRlTEan0SXw==",
			"cpu": [
				"arm64"
			],
			"dev": true,
			"license": "MIT OR Apache-2.0",
			"optional": true,
			"os": [
				"linux"
			],
			"engines": {
				"node": ">=14.21.3"
			}
		},
		"node_modules/@biomejs/cli-linux-arm64-musl": {
			"version": "2.2.0",
			"resolved": "https://registry.npmjs.org/@biomejs/cli-linux-arm64-musl/-/cli-linux-arm64-musl-2.2.0.tgz",
			"integrity": "sha512-egKpOa+4FL9YO+SMUMLUvf543cprjevNc3CAgDNFLcjknuNMcZ0GLJYa3EGTCR2xIkIUJDVneBV3O9OcIlCEZQ==",
			"cpu": [
				"arm64"
			],
			"dev": true,
			"license": "MIT OR Apache-2.0",
			"optional": true,
			"os": [
				"linux"
			],
			"engines": {
				"node": ">=14.21.3"
			}
		},
		"node_modules/@biomejs/cli-linux-x64": {
			"version": "2.2.0",
			"resolved": "https://registry.npmjs.org/@biomejs/cli-linux-x64/-/cli-linux-x64-2.2.0.tgz",
			"integrity": "sha512-5UmQx/OZAfJfi25zAnAGHUMuOd+LOsliIt119x2soA2gLggQYrVPA+2kMUxR6Mw5M1deUF/AWWP2qpxgH7Nyfw==",
			"cpu": [
				"x64"
			],
			"dev": true,
			"license": "MIT OR Apache-2.0",
			"optional": true,
			"os": [
				"linux"
			],
			"engines": {
				"node": ">=14.21.3"
			}
		},
		"node_modules/@biomejs/cli-linux-x64-musl": {
			"version": "2.2.0",
			"resolved": "https://registry.npmjs.org/@biomejs/cli-linux-x64-musl/-/cli-linux-x64-musl-2.2.0.tgz",
			"integrity": "sha512-I5J85yWwUWpgJyC1CcytNSGusu2p9HjDnOPAFG4Y515hwRD0jpR9sT9/T1cKHtuCvEQ/sBvx+6zhz9l9wEJGAg==",
			"cpu": [
				"x64"
			],
			"dev": true,
			"license": "MIT OR Apache-2.0",
			"optional": true,
			"os": [
				"linux"
			],
			"engines": {
				"node": ">=14.21.3"
			}
		},
		"node_modules/@biomejs/cli-win32-arm64": {
			"version": "2.2.0",
			"resolved": "https://registry.npmjs.org/@biomejs/cli-win32-arm64/-/cli-win32-arm64-2.2.0.tgz",
			"integrity": "sha512-n9a1/f2CwIDmNMNkFs+JI0ZjFnMO0jdOyGNtihgUNFnlmd84yIYY2KMTBmMV58ZlVHjgmY5Y6E1hVTnSRieggA==",
			"cpu": [
				"arm64"
			],
			"dev": true,
			"license": "MIT OR Apache-2.0",
			"optional": true,
			"os": [
				"win32"
			],
			"engines": {
				"node": ">=14.21.3"
			}
		},
		"node_modules/@biomejs/cli-win32-x64": {
			"version": "2.2.0",
			"resolved": "https://registry.npmjs.org/@biomejs/cli-win32-x64/-/cli-win32-x64-2.2.0.tgz",
			"integrity": "sha512-Nawu5nHjP/zPKTIryh2AavzTc/KEg4um/MxWdXW0A6P/RZOyIpa7+QSjeXwAwX/utJGaCoXRPWtF3m5U/bB3Ww==",
			"cpu": [
				"x64"
			],
			"dev": true,
			"license": "MIT OR Apache-2.0",
			"optional": true,
			"os": [
				"win32"
			],
			"engines": {
				"node": ">=14.21.3"
			}
		},
		"node_modules/backend": {
			"resolved": "backend",
			"link": true
		},
		"node_modules/frontend": {
			"resolved": "frontend",
			"link": true
		}
	}
}
